
Microsoft Visual Studio Solution File, Format Version 12.00
# Visual Studio Version 16
VisualStudioVersion = 16.0.28922.388
MinimumVisualStudioVersion = 10.0.40219.1
Project("{FAE04EC0-301F-11D3-BF4B-00C04F79EFBC}") = "Online", "Online\Online.csproj", "{60ECA6BA-22FE-4BBF-BFC0-8F513FD8688D}"
EndProject
Project("{FAE04EC0-301F-11D3-BF4B-00C04F79EFBC}") = "office.dataInn.co.nz", "office.dataInn.co.nz\office.dataInn.co.nz.csproj", "{93D5F987-DE2F-4A5E-8AF3-FF5391BF30A6}"
EndProject
Project("{2150E333-8FDC-42A3-9474-1A3956D46DE8}") = "Solution Items", "Solution Items", "{94A5EEA7-B153-4B3B-8DF9-0588FA8677E3}"
EndProject
Project("{FAE04EC0-301F-11D3-BF4B-00C04F79EFBC}") = "Generic", "Generic\Generic.csproj", "{ADC00778-82F1-4429-A102-5216167DDEE3}"
EndProject
Project("{FAE04EC0-301F-11D3-BF4B-00C04F79EFBC}") = "TeOraHouWhanganui", "TeOraHouWhanganui\TeOraHouWhanganui.csproj", "{09A7C8BC-E2F0-4C41-8D0B-5670A2E14895}"
EndProject
Project("{FAE04EC0-301F-11D3-BF4B-00C04F79EFBC}") = "VehicleService", "VehicleService\VehicleService.csproj", "{513B6B43-522A-4565-A1BF-5B1465544D47}"
EndProject
Project("{FAE04EC0-301F-11D3-BF4B-00C04F79EFBC}") = "SimpleAccounts", "SimpleAccounts\SimpleAccounts.csproj", "{C4062624-EAD0-4FD8-BC39-601BE79F0883}"
EndProject
Project("{FAE04EC0-301F-11D3-BF4B-00C04F79EFBC}") = "CommonGoodCoffee", "CommonGoodCoffee\CommonGoodCoffee.csproj", "{BF9F32F3-B4A6-4853-8EB7-39AF0E88B189}"
EndProject
Project("{FAE04EC0-301F-11D3-BF4B-00C04F79EFBC}") = "cntrvibe.iti.ninja", "cntrvibe.iti.ninja\cntrvibe.iti.ninja.csproj", "{AE9ADDDF-1A75-4670-83B3-C8E6EF87434E}"
EndProject
Project("{FAE04EC0-301F-11D3-BF4B-00C04F79EFBC}") = "Church", "Church\Church.csproj", "{27AD67C7-3562-4E4E-B007-01E43979C25A}"
EndProject
Global
	GlobalSection(SolutionConfigurationPlatforms) = preSolution
		Debug|Any CPU = Debug|Any CPU
		Release|Any CPU = Release|Any CPU
	EndGlobalSection
	GlobalSection(ProjectConfigurationPlatforms) = postSolution
		{60ECA6BA-22FE-4BBF-BFC0-8F513FD8688D}.Debug|Any CPU.ActiveCfg = Debug|Any CPU
		{60ECA6BA-22FE-4BBF-BFC0-8F513FD8688D}.Debug|Any CPU.Build.0 = Debug|Any CPU
		{60ECA6BA-22FE-4BBF-BFC0-8F513FD8688D}.Release|Any CPU.ActiveCfg = Release|Any CPU
		{60ECA6BA-22FE-4BBF-BFC0-8F513FD8688D}.Release|Any CPU.Build.0 = Release|Any CPU
		{93D5F987-DE2F-4A5E-8AF3-FF5391BF30A6}.Debug|Any CPU.ActiveCfg = Debug|Any CPU
		{93D5F987-DE2F-4A5E-8AF3-FF5391BF30A6}.Debug|Any CPU.Build.0 = Debug|Any CPU
		{93D5F987-DE2F-4A5E-8AF3-FF5391BF30A6}.Release|Any CPU.ActiveCfg = Release|Any CPU
		{93D5F987-DE2F-4A5E-8AF3-FF5391BF30A6}.Release|Any CPU.Build.0 = Release|Any CPU
		{ADC00778-82F1-4429-A102-5216167DDEE3}.Debug|Any CPU.ActiveCfg = Debug|Any CPU
		{ADC00778-82F1-4429-A102-5216167DDEE3}.Debug|Any CPU.Build.0 = Debug|Any CPU
		{ADC00778-82F1-4429-A102-5216167DDEE3}.Release|Any CPU.ActiveCfg = Release|Any CPU
		{ADC00778-82F1-4429-A102-5216167DDEE3}.Release|Any CPU.Build.0 = Release|Any CPU
		{09A7C8BC-E2F0-4C41-8D0B-5670A2E14895}.Debug|Any CPU.ActiveCfg = Debug|Any CPU
		{09A7C8BC-E2F0-4C41-8D0B-5670A2E14895}.Debug|Any CPU.Build.0 = Debug|Any CPU
		{09A7C8BC-E2F0-4C41-8D0B-5670A2E14895}.Release|Any CPU.ActiveCfg = Release|Any CPU
		{09A7C8BC-E2F0-4C41-8D0B-5670A2E14895}.Release|Any CPU.Build.0 = Release|Any CPU
		{513B6B43-522A-4565-A1BF-5B1465544D47}.Debug|Any CPU.ActiveCfg = Debug|Any CPU
		{513B6B43-522A-4565-A1BF-5B1465544D47}.Debug|Any CPU.Build.0 = Debug|Any CPU
		{513B6B43-522A-4565-A1BF-5B1465544D47}.Release|Any CPU.ActiveCfg = Release|Any CPU
		{513B6B43-522A-4565-A1BF-5B1465544D47}.Release|Any CPU.Build.0 = Release|Any CPU
		{C4062624-EAD0-4FD8-BC39-601BE79F0883}.Debug|Any CPU.ActiveCfg = Debug|Any CPU
		{C4062624-EAD0-4FD8-BC39-601BE79F0883}.Debug|Any CPU.Build.0 = Debug|Any CPU
		{C4062624-EAD0-4FD8-BC39-601BE79F0883}.Release|Any CPU.ActiveCfg = Release|Any CPU
		{C4062624-EAD0-4FD8-BC39-601BE79F0883}.Release|Any CPU.Build.0 = Release|Any CPU
		{BF9F32F3-B4A6-4853-8EB7-39AF0E88B189}.Debug|Any CPU.ActiveCfg = Debug|Any CPU
		{BF9F32F3-B4A6-4853-8EB7-39AF0E88B189}.Debug|Any CPU.Build.0 = Debug|Any CPU
		{BF9F32F3-B4A6-4853-8EB7-39AF0E88B189}.Release|Any CPU.ActiveCfg = Release|Any CPU
		{BF9F32F3-B4A6-4853-8EB7-39AF0E88B189}.Release|Any CPU.Build.0 = Release|Any CPU
		{AE9ADDDF-1A75-4670-83B3-C8E6EF87434E}.Debug|Any CPU.ActiveCfg = Debug|Any CPU
		{AE9ADDDF-1A75-4670-83B3-C8E6EF87434E}.Debug|Any CPU.Build.0 = Debug|Any CPU
		{AE9ADDDF-1A75-4670-83B3-C8E6EF87434E}.Release|Any CPU.ActiveCfg = Release|Any CPU
		{AE9ADDDF-1A75-4670-83B3-C8E6EF87434E}.Release|Any CPU.Build.0 = Release|Any CPU
		{27AD67C7-3562-4E4E-B007-01E43979C25A}.Debug|Any CPU.ActiveCfg = Debug|Any CPU
		{27AD67C7-3562-4E4E-B007-01E43979C25A}.Debug|Any CPU.Build.0 = Debug|Any CPU
		{27AD67C7-3562-4E4E-B007-01E43979C25A}.Release|Any CPU.ActiveCfg = Release|Any CPU
		{27AD67C7-3562-4E4E-B007-01E43979C25A}.Release|Any CPU.Build.0 = Release|Any CPU
	EndGlobalSection
	GlobalSection(SolutionProperties) = preSolution
		HideSolutionNode = FALSE
	EndGlobalSection
	GlobalSection(ExtensibilityGlobals) = postSolution
		SolutionGuid = {ED33CB15-F936-48BB-845D-D5FEED7111CB}
	EndGlobalSection
EndGlobal
